
Microsoft Visual Studio Solution File, Format Version 12.00
# Visual Studio 15
VisualStudioVersion = 15.0.27703.2026
MinimumVisualStudioVersion = 10.0.40219.1
Project("{8BC9CEB8-8B4A-11D0-8D11-00A0C91BC942}") = "ProxyHelper", "ProxyHelper\ProxyHelper.vcxproj", "{5E53F64A-2F63-4B9D-B042-2C375DC02E4B}"
EndProject
Global
	GlobalSection(SolutionConfigurationPlatforms) = preSolution
		Debug|x64 = Debug|x64
		Debug|x86 = Debug|x86
		Release|x64 = Release|x64
		Release|x86 = Release|x86
	EndGlobalSection
	GlobalSection(ProjectConfigurationPlatforms) = postSolution
		{5E53F64A-2F63-4B9D-B042-2C375DC02E4B}.Debug|x64.ActiveCfg = Debug|x64
		{5E53F64A-2F63-4B9D-B042-2C375DC02E4B}.Debug|x64.Build.0 = Debug|x64
		{5E53F64A-2F63-4B9D-B042-2C375DC02E4B}.Debug|x86.ActiveCfg = Debug|Win32
		{5E53F64A-2F63-4B9D-B042-2C375DC02E4B}.Debug|x86.Build.0 = Debug|Win32
		{5E53F64A-2F63-4B9D-B042-2C375DC02E4B}.Release|x64.ActiveCfg = Release|x64
		{5E53F64A-2F63-4B9D-B042-2C375DC02E4B}.Release|x64.Build.0 = Release|x64
		{5E53F64A-2F63-4B9D-B042-2C375DC02E4B}.Release|x86.ActiveCfg = Release|Win32
		{5E53F64A-2F63-4B9D-B042-2C375DC02E4B}.Release|x86.Build.0 = Release|Win32
	EndGlobalSection
	GlobalSection(SolutionProperties) = preSolution
		HideSolutionNode = FALSE
	EndGlobalSection
	GlobalSection(ExtensibilityGlobals) = postSolution
		SolutionGuid = {8C28B319-798B-4491-9F82-C7DDE8B141F9}
	EndGlobalSection
EndGlobal
